
Microsoft Visual Studio Solution File, Format Version 12.00
# Visual Studio Version 16
VisualStudioVersion = 16.0.31205.134
MinimumVisualStudioVersion = 10.0.40219.1
Project("{FAE04EC0-301F-11D3-BF4B-00C04F79EFBC}") = "OutliersProblem", "OutliersProblem\OutliersProblem.csproj", "{CE60B9D8-F18D-41D6-8FD8-207824605380}"
EndProject
Project("{FAE04EC0-301F-11D3-BF4B-00C04F79EFBC}") = "OutliersProblem_Test", "OutliersProblem_Test\OutliersProblem_Test.csproj", "{19773D45-B0C7-44E5-91B4-BB5EB6D71D4E}"
EndProject
Global
	GlobalSection(SolutionConfigurationPlatforms) = preSolution
		Debug|Any CPU = Debug|Any CPU
		Release|Any CPU = Release|Any CPU
	EndGlobalSection
	GlobalSection(ProjectConfigurationPlatforms) = postSolution
		{CE60B9D8-F18D-41D6-8FD8-207824605380}.Debug|Any CPU.ActiveCfg = Debug|Any CPU
		{CE60B9D8-F18D-41D6-8FD8-207824605380}.Debug|Any CPU.Build.0 = Debug|Any CPU
		{CE60B9D8-F18D-41D6-8FD8-207824605380}.Release|Any CPU.ActiveCfg = Release|Any CPU
		{CE60B9D8-F18D-41D6-8FD8-207824605380}.Release|Any CPU.Build.0 = Release|Any CPU
		{19773D45-B0C7-44E5-91B4-BB5EB6D71D4E}.Debug|Any CPU.ActiveCfg = Debug|Any CPU
		{19773D45-B0C7-44E5-91B4-BB5EB6D71D4E}.Debug|Any CPU.Build.0 = Debug|Any CPU
		{19773D45-B0C7-44E5-91B4-BB5EB6D71D4E}.Release|Any CPU.ActiveCfg = Release|Any CPU
		{19773D45-B0C7-44E5-91B4-BB5EB6D71D4E}.Release|Any CPU.Build.0 = Release|Any CPU
	EndGlobalSection
	GlobalSection(SolutionProperties) = preSolution
		HideSolutionNode = FALSE
	EndGlobalSection
	GlobalSection(ExtensibilityGlobals) = postSolution
		SolutionGuid = {4CDD96DF-129D-4029-98D7-291B6BA9909B}
	EndGlobalSection
EndGlobal
